// !$*UTF8*$!
{
	archiveVersion = 1;
	classes = {
	};
	objectVersion = 50;
	objects = {

/* Begin PBXBuildFile section */
		3F0C109424C41A0600B19E3B /* AppDelegate.swift in Sources */ = {isa = PBXBuildFile; fileRef = 3F0C109324C41A0600B19E3B /* AppDelegate.swift */; };
		3F0C109624C41A0600B19E3B /* ViewController.swift in Sources */ = {isa = PBXBuildFile; fileRef = 3F0C109524C41A0600B19E3B /* ViewController.swift */; };
		3F0C109924C41A0600B19E3B /* Main.storyboard in Resources */ = {isa = PBXBuildFile; fileRef = 3F0C109724C41A0600B19E3B /* Main.storyboard */; };
		3F0C109B24C41A0700B19E3B /* Assets.xcassets in Resources */ = {isa = PBXBuildFile; fileRef = 3F0C109A24C41A0700B19E3B /* Assets.xcassets */; };
		3F0C109E24C41A0700B19E3B /* LaunchScreen.storyboard in Resources */ = {isa = PBXBuildFile; fileRef = 3F0C109C24C41A0700B19E3B /* LaunchScreen.storyboard */; };
		3F0C10A924C41A0700B19E3B /* ios_assignment01_cobsccomp191p015Tests.swift in Sources */ = {isa = PBXBuildFile; fileRef = 3F0C10A824C41A0700B19E3B /* ios_assignment01_cobsccomp191p015Tests.swift */; };
		3F0C10B424C41A0700B19E3B /* ios_assignment01_cobsccomp191p015UITests.swift in Sources */ = {isa = PBXBuildFile; fileRef = 3F0C10B324C41A0700B19E3B /* ios_assignment01_cobsccomp191p015UITests.swift */; };
		3F984E3424C44726003184B9 /* btnAccountGoogle.swift in Sources */ = {isa = PBXBuildFile; fileRef = 3F984E3324C44726003184B9 /* btnAccountGoogle.swift */; };
/* End PBXBuildFile section */

/* Begin PBXContainerItemProxy section */
		3F0C10A524C41A0700B19E3B /* PBXContainerItemProxy */ = {
			isa = PBXContainerItemProxy;
			containerPortal = 3F0C108824C41A0600B19E3B /* Project object */;
			proxyType = 1;
			remoteGlobalIDString = 3F0C108F24C41A0600B19E3B;
			remoteInfo = "ios-assignment01-cobsccomp191p015";
		};
		3F0C10B024C41A0700B19E3B /* PBXContainerItemProxy */ = {
			isa = PBXContainerItemProxy;
			containerPortal = 3F0C108824C41A0600B19E3B /* Project object */;
			proxyType = 1;
			remoteGlobalIDString = 3F0C108F24C41A0600B19E3B;
			remoteInfo = "ios-assignment01-cobsccomp191p015";
		};
/* End PBXContainerItemProxy section */

/* Begin PBXFileReference section */
		3F0C109024C41A0600B19E3B /* ios-assignment01-cobsccomp191p015.app */ = {isa = PBXFileReference; explicitFileType = wrapper.application; includeInIndex = 0; path = "ios-assignment01-cobsccomp191p015.app"; sourceTree = BUILT_PRODUCTS_DIR; };
		3F0C109324C41A0600B19E3B /* AppDelegate.swift */ = {isa = PBXFileReference; lastKnownFileType = sourcecode.swift; path = AppDelegate.swift; sourceTree = "<group>"; };
		3F0C109524C41A0600B19E3B /* ViewController.swift */ = {isa = PBXFileReference; lastKnownFileType = sourcecode.swift; path = ViewController.swift; sourceTree = "<group>"; };
		3F0C109824C41A0600B19E3B /* Base */ = {isa = PBXFileReference; lastKnownFileType = file.storyboard; name = Base; path = Base.lproj/Main.storyboard; sourceTree = "<group>"; };
		3F0C109A24C41A0700B19E3B /* Assets.xcassets */ = {isa = PBXFileReference; lastKnownFileType = folder.assetcatalog; path = Assets.xcassets; sourceTree = "<group>"; };
		3F0C109D24C41A0700B19E3B /* Base */ = {isa = PBXFileReference; lastKnownFileType = file.storyboard; name = Base; path = Base.lproj/LaunchScreen.storyboard; sourceTree = "<group>"; };
		3F0C109F24C41A0700B19E3B /* Info.plist */ = {isa = PBXFileReference; lastKnownFileType = text.plist.xml; path = Info.plist; sourceTree = "<group>"; };
		3F0C10A424C41A0700B19E3B /* ios-assignment01-cobsccomp191p015Tests.xctest */ = {isa = PBXFileReference; explicitFileType = wrapper.cfbundle; includeInIndex = 0; path = "ios-assignment01-cobsccomp191p015Tests.xctest"; sourceTree = BUILT_PRODUCTS_DIR; };
		3F0C10A824C41A0700B19E3B /* ios_assignment01_cobsccomp191p015Tests.swift */ = {isa = PBXFileReference; lastKnownFileType = sourcecode.swift; path = ios_assignment01_cobsccomp191p015Tests.swift; sourceTree = "<group>"; };
		3F0C10AA24C41A0700B19E3B /* Info.plist */ = {isa = PBXFileReference; lastKnownFileType = text.plist.xml; path = Info.plist; sourceTree = "<group>"; };
		3F0C10AF24C41A0700B19E3B /* ios-assignment01-cobsccomp191p015UITests.xctest */ = {isa = PBXFileReference; explicitFileType = wrapper.cfbundle; includeInIndex = 0; path = "ios-assignment01-cobsccomp191p015UITests.xctest"; sourceTree = BUILT_PRODUCTS_DIR; };
		3F0C10B324C41A0700B19E3B /* ios_assignment01_cobsccomp191p015UITests.swift */ = {isa = PBXFileReference; lastKnownFileType = sourcecode.swift; path = ios_assignment01_cobsccomp191p015UITests.swift; sourceTree = "<group>"; };
		3F0C10B524C41A0700B19E3B /* Info.plist */ = {isa = PBXFileReference; lastKnownFileType = text.plist.xml; path = Info.plist; sourceTree = "<group>"; };
		3F984E3324C44726003184B9 /* btnAccountGoogle.swift */ = {isa = PBXFileReference; lastKnownFileType = sourcecode.swift; path = btnAccountGoogle.swift; sourceTree = "<group>"; };
/* End PBXFileReference section */

/* Begin PBXFrameworksBuildPhase section */
		3F0C108D24C41A0600B19E3B /* Frameworks */ = {
			isa = PBXFrameworksBuildPhase;
			buildActionMask = 2147483647;
			files = (
			);
			runOnlyForDeploymentPostprocessing = 0;
		};
		3F0C10A124C41A0700B19E3B /* Frameworks */ = {
			isa = PBXFrameworksBuildPhase;
			buildActionMask = 2147483647;
			files = (
			);
			runOnlyForDeploymentPostprocessing = 0;
		};
		3F0C10AC24C41A0700B19E3B /* Frameworks */ = {
			isa = PBXFrameworksBuildPhase;
			buildActionMask = 2147483647;
			files = (
			);
			runOnlyForDeploymentPostprocessing = 0;
		};
/* End PBXFrameworksBuildPhase section */

/* Begin PBXGroup section */
		3F0C108724C41A0600B19E3B = {
			isa = PBXGroup;
			children = (
				3F0C109224C41A0600B19E3B /* ios-assignment01-cobsccomp191p015 */,
				3F0C10A724C41A0700B19E3B /* ios-assignment01-cobsccomp191p015Tests */,
				3F0C10B224C41A0700B19E3B /* ios-assignment01-cobsccomp191p015UITests */,
				3F0C109124C41A0600B19E3B /* Products */,
			);
			sourceTree = "<group>";
		};
		3F0C109124C41A0600B19E3B /* Products */ = {
			isa = PBXGroup;
			children = (
				3F0C109024C41A0600B19E3B /* ios-assignment01-cobsccomp191p015.app */,
				3F0C10A424C41A0700B19E3B /* ios-assignment01-cobsccomp191p015Tests.xctest */,
				3F0C10AF24C41A0700B19E3B /* ios-assignment01-cobsccomp191p015UITests.xctest */,
			);
			name = Products;
			sourceTree = "<group>";
		};
		3F0C109224C41A0600B19E3B /* ios-assignment01-cobsccomp191p015 */ = {
			isa = PBXGroup;
			children = (
				3F0C109324C41A0600B19E3B /* AppDelegate.swift */,
				3F0C109524C41A0600B19E3B /* ViewController.swift */,
				3F0C109724C41A0600B19E3B /* Main.storyboard */,
				3F0C109A24C41A0700B19E3B /* Assets.xcassets */,
				3F0C109C24C41A0700B19E3B /* LaunchScreen.storyboard */,
				3F0C109F24C41A0700B19E3B /* Info.plist */,
				3F984E3324C44726003184B9 /* btnAccountGoogle.swift */,
			);
			path = "ios-assignment01-cobsccomp191p015";
			sourceTree = "<group>";
		};
		3F0C10A724C41A0700B19E3B /* ios-assignment01-cobsccomp191p015Tests */ = {
			isa = PBXGroup;
			children = (
				3F0C10A824C41A0700B19E3B /* ios_assignment01_cobsccomp191p015Tests.swift */,
				3F0C10AA24C41A0700B19E3B /* Info.plist */,
			);
			path = "ios-assignment01-cobsccomp191p015Tests";
			sourceTree = "<group>";
		};
		3F0C10B224C41A0700B19E3B /* ios-assignment01-cobsccomp191p015UITests */ = {
			isa = PBXGroup;
			children = (
				3F0C10B324C41A0700B19E3B /* ios_assignment01_cobsccomp191p015UITests.swift */,
				3F0C10B524C41A0700B19E3B /* Info.plist */,
			);
			path = "ios-assignment01-cobsccomp191p015UITests";
			sourceTree = "<group>";
		};
/* End PBXGroup section */

/* Begin PBXNativeTarget section */
		3F0C108F24C41A0600B19E3B /* ios-assignment01-cobsccomp191p015 */ = {
			isa = PBXNativeTarget;
			buildConfigurationList = 3F0C10B824C41A0700B19E3B /* Build configuration list for PBXNativeTarget "ios-assignment01-cobsccomp191p015" */;
			buildPhases = (
				3F0C108C24C41A0600B19E3B /* Sources */,
				3F0C108D24C41A0600B19E3B /* Frameworks */,
				3F0C108E24C41A0600B19E3B /* Resources */,
			);
			buildRules = (
			);
			dependencies = (
			);
			name = "ios-assignment01-cobsccomp191p015";
			productName = "ios-assignment01-cobsccomp191p015";
			productReference = 3F0C109024C41A0600B19E3B /* ios-assignment01-cobsccomp191p015.app */;
			productType = "com.apple.product-type.application";
		};
		3F0C10A324C41A0700B19E3B /* ios-assignment01-cobsccomp191p015Tests */ = {
			isa = PBXNativeTarget;
			buildConfigurationList = 3F0C10BB24C41A0700B19E3B /* Build configuration list for PBXNativeTarget "ios-assignment01-cobsccomp191p015Tests" */;
			buildPhases = (
				3F0C10A024C41A0700B19E3B /* Sources */,
				3F0C10A124C41A0700B19E3B /* Frameworks */,
				3F0C10A224C41A0700B19E3B /* Resources */,
			);
			buildRules = (
			);
			dependencies = (
				3F0C10A624C41A0700B19E3B /* PBXTargetDependency */,
			);
			name = "ios-assignment01-cobsccomp191p015Tests";
			productName = "ios-assignment01-cobsccomp191p015Tests";
			productReference = 3F0C10A424C41A0700B19E3B /* ios-assignment01-cobsccomp191p015Tests.xctest */;
			productType = "com.apple.product-type.bundle.unit-test";
		};
		3F0C10AE24C41A0700B19E3B /* ios-assignment01-cobsccomp191p015UITests */ = {
			isa = PBXNativeTarget;
			buildConfigurationList = 3F0C10BE24C41A0700B19E3B /* Build configuration list for PBXNativeTarget "ios-assignment01-cobsccomp191p015UITests" */;
			buildPhases = (
				3F0C10AB24C41A0700B19E3B /* Sources */,
				3F0C10AC24C41A0700B19E3B /* Frameworks */,
				3F0C10AD24C41A0700B19E3B /* Resources */,
			);
			buildRules = (
			);
			dependencies = (
				3F0C10B124C41A0700B19E3B /* PBXTargetDependency */,
			);
			name = "ios-assignment01-cobsccomp191p015UITests";
			productName = "ios-assignment01-cobsccomp191p015UITests";
			productReference = 3F0C10AF24C41A0700B19E3B /* ios-assignment01-cobsccomp191p015UITests.xctest */;
			productType = "com.apple.product-type.bundle.ui-testing";
		};
/* End PBXNativeTarget section */

/* Begin PBXProject section */
		3F0C108824C41A0600B19E3B /* Project object */ = {
			isa = PBXProject;
			attributes = {
				LastSwiftUpdateCheck = 1030;
				LastUpgradeCheck = 1030;
				ORGANIZATIONNAME = STUDENT;
				TargetAttributes = {
					3F0C108F24C41A0600B19E3B = {
						CreatedOnToolsVersion = 10.3;
					};
					3F0C10A324C41A0700B19E3B = {
						CreatedOnToolsVersion = 10.3;
						TestTargetID = 3F0C108F24C41A0600B19E3B;
					};
					3F0C10AE24C41A0700B19E3B = {
						CreatedOnToolsVersion = 10.3;
						TestTargetID = 3F0C108F24C41A0600B19E3B;
					};
				};
			};
			buildConfigurationList = 3F0C108B24C41A0600B19E3B /* Build configuration list for PBXProject "ios-assignment01-cobsccomp191p015" */;
			compatibilityVersion = "Xcode 9.3";
			developmentRegion = en;
			hasScannedForEncodings = 0;
			knownRegions = (
				en,
				Base,
			);
			mainGroup = 3F0C108724C41A0600B19E3B;
			productRefGroup = 3F0C109124C41A0600B19E3B /* Products */;
			projectDirPath = "";
			projectRoot = "";
			targets = (
				3F0C108F24C41A0600B19E3B /* ios-assignment01-cobsccomp191p015 */,
				3F0C10A324C41A0700B19E3B /* ios-assignment01-cobsccomp191p015Tests */,
				3F0C10AE24C41A0700B19E3B /* ios-assignment01-cobsccomp191p015UITests */,
			);
		};
/* End PBXProject section */

/* Begin PBXResourcesBuildPhase section */
		3F0C108E24C41A0600B19E3B /* Resources */ = {
			isa = PBXResourcesBuildPhase;
			buildActionMask = 2147483647;
			files = (
				3F0C109E24C41A0700B19E3B /* LaunchScreen.storyboard in Resources */,
				3F0C109B24C41A0700B19E3B /* Assets.xcassets in Resources */,
				3F0C109924C41A0600B19E3B /* Main.storyboard in Resources */,
			);
			runOnlyForDeploymentPostprocessing = 0;
		};
		3F0C10A224C41A0700B19E3B /* Resources */ = {
			isa = PBXResourcesBuildPhase;
			buildActionMask = 2147483647;
			files = (
			);
			runOnlyForDeploymentPostprocessing = 0;
		};
		3F0C10AD24C41A0700B19E3B /* Resources */ = {
			isa = PBXResourcesBuildPhase;
			buildActionMask = 2147483647;
			files = (
			);
			runOnlyForDeploymentPostprocessing = 0;
		};
/* End PBXResourcesBuildPhase section */

/* Begin PBXSourcesBuildPhase section */
		3F0C108C24C41A0600B19E3B /* Sources */ = {
			isa = PBXSourcesBuildPhase;
			buildActionMask = 2147483647;
			files = (
				3F0C109624C41A0600B19E3B /* ViewController.swift in Sources */,
				3F0C109424C41A0600B19E3B /* AppDelegate.swift in Sources */,
				3F984E3424C44726003184B9 /* btnAccountGoogle.swift in Sources */,
			);
			runOnlyForDeploymentPostprocessing = 0;
		};
		3F0C10A024C41A0700B19E3B /* Sources */ = {
			isa = PBXSourcesBuildPhase;
			buildActionMask = 2147483647;
			files = (
				3F0C10A924C41A0700B19E3B /* ios_assignment01_cobsccomp191p015Tests.swift in Sources */,
			);
			runOnlyForDeploymentPostprocessing = 0;
		};
		3F0C10AB24C41A0700B19E3B /* Sources */ = {
			isa = PBXSourcesBuildPhase;
			buildActionMask = 2147483647;
			files = (
				3F0C10B424C41A0700B19E3B /* ios_assignment01_cobsccomp191p015UITests.swift in Sources */,
			);
			runOnlyForDeploymentPostprocessing = 0;
		};
/* End PBXSourcesBuildPhase section */

/* Begin PBXTargetDependency section */
		3F0C10A624C41A0700B19E3B /* PBXTargetDependency */ = {
			isa = PBXTargetDependency;
			target = 3F0C108F24C41A0600B19E3B /* ios-assignment01-cobsccomp191p015 */;
			targetProxy = 3F0C10A524C41A0700B19E3B /* PBXContainerItemProxy */;
		};
		3F0C10B124C41A0700B19E3B /* PBXTargetDependency */ = {
			isa = PBXTargetDependency;
			target = 3F0C108F24C41A0600B19E3B /* ios-assignment01-cobsccomp191p015 */;
			targetProxy = 3F0C10B024C41A0700B19E3B /* PBXContainerItemProxy */;
		};
/* End PBXTargetDependency section */

/* Begin PBXVariantGroup section */
		3F0C109724C41A0600B19E3B /* Main.storyboard */ = {
			isa = PBXVariantGroup;
			children = (
				3F0C109824C41A0600B19E3B /* Base */,
			);
			name = Main.storyboard;
			sourceTree = "<group>";
		};
		3F0C109C24C41A0700B19E3B /* LaunchScreen.storyboard */ = {
			isa = PBXVariantGroup;
			children = (
				3F0C109D24C41A0700B19E3B /* Base */,
			);
			name = LaunchScreen.storyboard;
			sourceTree = "<group>";
		};
/* End PBXVariantGroup section */

/* Begin XCBuildConfiguration section */
		3F0C10B624C41A0700B19E3B /* Debug */ = {
			isa = XCBuildConfiguration;
			buildSettings = {
				ALWAYS_SEARCH_USER_PATHS = NO;
				CLANG_ANALYZER_NONNULL = YES;
				CLANG_ANALYZER_NUMBER_OBJECT_CONVERSION = YES_AGGRESSIVE;
				CLANG_CXX_LANGUAGE_STANDARD = "gnu++14";
				CLANG_CXX_LIBRARY = "libc++";
				CLANG_ENABLE_MODULES = YES;
				CLANG_ENABLE_OBJC_ARC = YES;
				CLANG_ENABLE_OBJC_WEAK = YES;
				CLANG_WARN_BLOCK_CAPTURE_AUTORELEASING = YES;
				CLANG_WARN_BOOL_CONVERSION = YES;
				CLANG_WARN_COMMA = YES;
				CLANG_WARN_CONSTANT_CONVERSION = YES;
				CLANG_WARN_DEPRECATED_OBJC_IMPLEMENTATIONS = YES;
				CLANG_WARN_DIRECT_OBJC_ISA_USAGE = YES_ERROR;
				CLANG_WARN_DOCUMENTATION_COMMENTS = YES;
				CLANG_WARN_EMPTY_BODY = YES;
				CLANG_WARN_ENUM_CONVERSION = YES;
				CLANG_WARN_INFINITE_RECURSION = YES;
				CLANG_WARN_INT_CONVERSION = YES;
				CLANG_WARN_NON_LITERAL_NULL_CONVERSION = YES;
				CLANG_WARN_OBJC_IMPLICIT_RETAIN_SELF = YES;
				CLANG_WARN_OBJC_LITERAL_CONVERSION = YES;
				CLANG_WARN_OBJC_ROOT_CLASS = YES_ERROR;
				CLANG_WARN_RANGE_LOOP_ANALYSIS = YES;
				CLANG_WARN_STRICT_PROTOTYPES = YES;
				CLANG_WARN_SUSPICIOUS_MOVE = YES;
				CLANG_WARN_UNGUARDED_AVAILABILITY = YES_AGGRESSIVE;
				CLANG_WARN_UNREACHABLE_CODE = YES;
				CLANG_WARN__DUPLICATE_METHOD_MATCH = YES;
				CODE_SIGN_IDENTITY = "iPhone Developer";
				COPY_PHASE_STRIP = NO;
				DEBUG_INFORMATION_FORMAT = dwarf;
				ENABLE_STRICT_OBJC_MSGSEND = YES;
				ENABLE_TESTABILITY = YES;
				GCC_C_LANGUAGE_STANDARD = gnu11;
				GCC_DYNAMIC_NO_PIC = NO;
				GCC_NO_COMMON_BLOCKS = YES;
				GCC_OPTIMIZATION_LEVEL = 0;
				GCC_PREPROCESSOR_DEFINITIONS = (
					"DEBUG=1",
					"$(inherited)",
				);
				GCC_WARN_64_TO_32_BIT_CONVERSION = YES;
				GCC_WARN_ABOUT_RETURN_TYPE = YES_ERROR;
				GCC_WARN_UNDECLARED_SELECTOR = YES;
				GCC_WARN_UNINITIALIZED_AUTOS = YES_AGGRESSIVE;
				GCC_WARN_UNUSED_FUNCTION = YES;
				GCC_WARN_UNUSED_VARIABLE = YES;
				IPHONEOS_DEPLOYMENT_TARGET = 12.4;
				MTL_ENABLE_DEBUG_INFO = INCLUDE_SOURCE;
				MTL_FAST_MATH = YES;
				ONLY_ACTIVE_ARCH = YES;
				SDKROOT = iphoneos;
				SWIFT_ACTIVE_COMPILATION_CONDITIONS = DEBUG;
				SWIFT_OPTIMIZATION_LEVEL = "-Onone";
			};
			name = Debug;
		};
		3F0C10B724C41A0700B19E3B /* Release */ = {
			isa = XCBuildConfiguration;
			buildSettings = {
				ALWAYS_SEARCH_USER_PATHS = NO;
				CLANG_ANALYZER_NONNULL = YES;
				CLANG_ANALYZER_NUMBER_OBJECT_CONVERSION = YES_AGGRESSIVE;
				CLANG_CXX_LANGUAGE_STANDARD = "gnu++14";
				CLANG_CXX_LIBRARY = "libc++";
				CLANG_ENABLE_MODULES = YES;
				CLANG_ENABLE_OBJC_ARC = YES;
				CLANG_ENABLE_OBJC_WEAK = YES;
				CLANG_WARN_BLOCK_CAPTURE_AUTORELEASING = YES;
				CLANG_WARN_BOOL_CONVERSION = YES;
				CLANG_WARN_COMMA = YES;
				CLANG_WARN_CONSTANT_CONVERSION = YES;
				CLANG_WARN_DEPRECATED_OBJC_IMPLEMENTATIONS = YES;
				CLANG_WARN_DIRECT_OBJC_ISA_USAGE = YES_ERROR;
				CLANG_WARN_DOCUMENTATION_COMMENTS = YES;
				CLANG_WARN_EMPTY_BODY = YES;
				CLANG_WARN_ENUM_CONVERSION = YES;
				CLANG_WARN_INFINITE_RECURSION = YES;
				CLANG_WARN_INT_CONVERSION = YES;
				CLANG_WARN_NON_LITERAL_NULL_CONVERSION = YES;
				CLANG_WARN_OBJC_IMPLICIT_RETAIN_SELF = YES;
				CLANG_WARN_OBJC_LITERAL_CONVERSION = YES;
				CLANG_WARN_OBJC_ROOT_CLASS = YES_ERROR;
				CLANG_WARN_RANGE_LOOP_ANALYSIS = YES;
				CLANG_WARN_STRICT_PROTOTYPES = YES;
				CLANG_WARN_SUSPICIOUS_MOVE = YES;
				CLANG_WARN_UNGUARDED_AVAILABILITY = YES_AGGRESSIVE;
				CLANG_WARN_UNREACHABLE_CODE = YES;
				CLANG_WARN__DUPLICATE_METHOD_MATCH = YES;
				CODE_SIGN_IDENTITY = "iPhone Developer";
				COPY_PHASE_STRIP = NO;
				DEBUG_INFORMATION_FORMAT = "dwarf-with-dsym";
				ENABLE_NS_ASSERTIONS = NO;
				ENABLE_STRICT_OBJC_MSGSEND = YES;
				GCC_C_LANGUAGE_STANDARD = gnu11;
				GCC_NO_COMMON_BLOCKS = YES;
				GCC_WARN_64_TO_32_BIT_CONVERSION = YES;
				GCC_WARN_ABOUT_RETURN_TYPE = YES_ERROR;
				GCC_WARN_UNDECLARED_SELECTOR = YES;
				GCC_WARN_UNINITIALIZED_AUTOS = YES_AGGRESSIVE;
				GCC_WARN_UNUSED_FUNCTION = YES;
				GCC_WARN_UNUSED_VARIABLE = YES;
				IPHONEOS_DEPLOYMENT_TARGET = 12.4;
				MTL_ENABLE_DEBUG_INFO = NO;
				MTL_FAST_MATH = YES;
				SDKROOT = iphoneos;
				SWIFT_COMPILATION_MODE = wholemodule;
				SWIFT_OPTIMIZATION_LEVEL = "-O";
				VALIDATE_PRODUCT = YES;
			};
			name = Release;
		};
		3F0C10B924C41A0700B19E3B /* Debug */ = {
			isa = XCBuildConfiguration;
			buildSettings = {
				ASSETCATALOG_COMPILER_APPICON_NAME = AppIcon;
				CODE_SIGN_STYLE = Automatic;
				INFOPLIST_FILE = "ios-assignment01-cobsccomp191p015/Info.plist";
				LD_RUNPATH_SEARCH_PATHS = (
					"$(inherited)",
					"@executable_path/Frameworks",
				);
				PRODUCT_BUNDLE_IDENTIFIER = "nibm.ios-assignment01-cobsccomp191p015";
				PRODUCT_NAME = "$(TARGET_NAME)";
				SWIFT_VERSION = 5.0;
				TARGETED_DEVICE_FAMILY = "1,2";
			};
			name = Debug;
		};
		3F0C10BA24C41A0700B19E3B /* Release */ = {
			isa = XCBuildConfiguration;
			buildSettings = {
				ASSETCATALOG_COMPILER_APPICON_NAME = AppIcon;
				CODE_SIGN_STYLE = Automatic;
				INFOPLIST_FILE = "ios-assignment01-cobsccomp191p015/Info.plist";
				LD_RUNPATH_SEARCH_PATHS = (
					"$(inherited)",
					"@executable_path/Frameworks",
				);
				PRODUCT_BUNDLE_IDENTIFIER = "nibm.ios-assignment01-cobsccomp191p015";
				PRODUCT_NAME = "$(TARGET_NAME)";
				SWIFT_VERSION = 5.0;
				TARGETED_DEVICE_FAMILY = "1,2";
			};
			name = Release;
		};
		3F0C10BC24C41A0700B19E3B /* Debug */ = {
			isa = XCBuildConfiguration;
			buildSettings = {
				ALWAYS_EMBED_SWIFT_STANDARD_LIBRARIES = YES;
				BUNDLE_LOADER = "$(TEST_HOST)";
				CODE_SIGN_STYLE = Automatic;
				INFOPLIST_FILE = "ios-assignment01-cobsccomp191p015Tests/Info.plist";
				LD_RUNPATH_SEARCH_PATHS = (
					"$(inherited)",
					"@executable_path/Frameworks",
					"@loader_path/Frameworks",
				);
				PRODUCT_BUNDLE_IDENTIFIER = "nibm.ios-assignment01-cobsccomp191p015Tests";
				PRODUCT_NAME = "$(TARGET_NAME)";
				SWIFT_VERSION = 5.0;
				TARGETED_DEVICE_FAMILY = "1,2";
				TEST_HOST = "$(BUILT_PRODUCTS_DIR)/ios-assignment01-cobsccomp191p015.app/ios-assignment01-cobsccomp191p015";
			};
			name = Debug;
		};
		3F0C10BD24C41A0700B19E3B /* Release */ = {
			isa = XCBuildConfiguration;
			buildSettings = {
				ALWAYS_EMBED_SWIFT_STANDARD_LIBRARIES = YES;
				BUNDLE_LOADER = "$(TEST_HOST)";
				CODE_SIGN_STYLE = Automatic;
				INFOPLIST_FILE = "ios-assignment01-cobsccomp191p015Tests/Info.plist";
				LD_RUNPATH_SEARCH_PATHS = (
					"$(inherited)",
					"@executable_path/Frameworks",
					"@loader_path/Frameworks",
				);
				PRODUCT_BUNDLE_IDENTIFIER = "nibm.ios-assignment01-cobsccomp191p015Tests";
				PRODUCT_NAME = "$(TARGET_NAME)";
				SWIFT_VERSION = 5.0;
				TARGETED_DEVICE_FAMILY = "1,2";
				TEST_HOST = "$(BUILT_PRODUCTS_DIR)/ios-assignment01-cobsccomp191p015.app/ios-assignment01-cobsccomp191p015";
			};
			name = Release;
		};
		3F0C10BF24C41A0700B19E3B /* Debug */ = {
			isa = XCBuildConfiguration;
			buildSettings = {
				ALWAYS_EMBED_SWIFT_STANDARD_LIBRARIES = YES;
				CODE_SIGN_STYLE = Automatic;
				INFOPLIST_FILE = "ios-assignment01-cobsccomp191p015UITests/Info.plist";
				LD_RUNPATH_SEARCH_PATHS = (
					"$(inherited)",
					"@executable_path/Frameworks",
					"@loader_path/Frameworks",
				);
				PRODUCT_BUNDLE_IDENTIFIER = "nibm.ios-assignment01-cobsccomp191p015UITests";
				PRODUCT_NAME = "$(TARGET_NAME)";
				SWIFT_VERSION = 5.0;
				TARGETED_DEVICE_FAMILY = "1,2";
				TEST_TARGET_NAME = "ios-assignment01-cobsccomp191p015";
			};
			name = Debug;
		};
		3F0C10C024C41A0700B19E3B /* Release */ = {
			isa = XCBuildConfiguration;
			buildSettings = {
				ALWAYS_EMBED_SWIFT_STANDARD_LIBRARIES = YES;
				CODE_SIGN_STYLE = Automatic;
				INFOPLIST_FILE = "ios-assignment01-cobsccomp191p015UITests/Info.plist";
				LD_RUNPATH_SEARCH_PATHS = (
					"$(inherited)",
					"@executable_path/Frameworks",
					"@loader_path/Frameworks",
				);
				PRODUCT_BUNDLE_IDENTIFIER = "nibm.ios-assignment01-cobsccomp191p015UITests";
				PRODUCT_NAME = "$(TARGET_NAME)";
				SWIFT_VERSION = 5.0;
				TARGETED_DEVICE_FAMILY = "1,2";
				TEST_TARGET_NAME = "ios-assignment01-cobsccomp191p015";
			};
			name = Release;
		};
/* End XCBuildConfiguration section */

/* Begin XCConfigurationList section */
		3F0C108B24C41A0600B19E3B /* Build configuration list for PBXProject "ios-assignment01-cobsccomp191p015" */ = {
			isa = XCConfigurationList;
			buildConfigurations = (
				3F0C10B624C41A0700B19E3B /* Debug */,
				3F0C10B724C41A0700B19E3B /* Release */,
			);
			defaultConfigurationIsVisible = 0;
			defaultConfigurationName = Release;
		};
		3F0C10B824C41A0700B19E3B /* Build configuration list for PBXNativeTarget "ios-assignment01-cobsccomp191p015" */ = {
			isa = XCConfigurationList;
			buildConfigurations = (
				3F0C10B924C41A0700B19E3B /* Debug */,
				3F0C10BA24C41A0700B19E3B /* Release */,
			);
			defaultConfigurationIsVisible = 0;
			defaultConfigurationName = Release;
		};
		3F0C10BB24C41A0700B19E3B /* Build configuration list for PBXNativeTarget "ios-assignment01-cobsccomp191p015Tests" */ = {
			isa = XCConfigurationList;
			buildConfigurations = (
				3F0C10BC24C41A0700B19E3B /* Debug */,
				3F0C10BD24C41A0700B19E3B /* Release */,
			);
			defaultConfigurationIsVisible = 0;
			defaultConfigurationName = Release;
		};
		3F0C10BE24C41A0700B19E3B /* Build configuration list for PBXNativeTarget "ios-assignment01-cobsccomp191p015UITests" */ = {
			isa = XCConfigurationList;
			buildConfigurations = (
				3F0C10BF24C41A0700B19E3B /* Debug */,
				3F0C10C024C41A0700B19E3B /* Release */,
			);
			defaultConfigurationIsVisible = 0;
			defaultConfigurationName = Release;
		};
/* End XCConfigurationList section */
	};
	rootObject = 3F0C108824C41A0600B19E3B /* Project object */;
}
